// !$*UTF8*$!
{
	archiveVersion = 1;
	classes = {
	};
	objectVersion = 56;
	objects = {

/* Begin PBXBuildFile section */
		CE2811402C89A42000B19F66 /* NotificationModel.swift in Sources */ = {isa = PBXBuildFile; fileRef = CE28113F2C89A42000B19F66 /* NotificationModel.swift */; };
		CE2811552C8CC13700B19F66 /* AppDelegate.swift in Sources */ = {isa = PBXBuildFile; fileRef = CE2811542C8CC13700B19F66 /* AppDelegate.swift */; };
		CE2811572C8CCE0600B19F66 /* String+Extensions.swift in Sources */ = {isa = PBXBuildFile; fileRef = CE2811562C8CCE0600B19F66 /* String+Extensions.swift */; };
		CE28116E2C8CD0E200B19F66 /* Localizable.strings in Resources */ = {isa = PBXBuildFile; fileRef = CE28116D2C8CD0E200B19F66 /* Localizable.strings */; };
		CE2E304F2C919099009EE6AB /* TextFieldViews.swift in Sources */ = {isa = PBXBuildFile; fileRef = CE2E304E2C919099009EE6AB /* TextFieldViews.swift */; };
		CE832CBE2C7F1EE200B64A4F /* MyReminderApp.swift in Sources */ = {isa = PBXBuildFile; fileRef = CE832CBD2C7F1EE200B64A4F /* MyReminderApp.swift */; };
		CE832CC02C7F1EE200B64A4F /* ContentView.swift in Sources */ = {isa = PBXBuildFile; fileRef = CE832CBF2C7F1EE200B64A4F /* ContentView.swift */; };
		CE832CC22C7F1EE300B64A4F /* Assets.xcassets in Resources */ = {isa = PBXBuildFile; fileRef = CE832CC12C7F1EE300B64A4F /* Assets.xcassets */; };
		CE832CC52C7F1EE300B64A4F /* Preview Assets.xcassets in Resources */ = {isa = PBXBuildFile; fileRef = CE832CC42C7F1EE300B64A4F /* Preview Assets.xcassets */; };
		CE832CCC2C7F204100B64A4F /* TaskList.swift in Sources */ = {isa = PBXBuildFile; fileRef = CE832CCB2C7F204100B64A4F /* TaskList.swift */; };
		CE832CCE2C7F205600B64A4F /* AddTask.swift in Sources */ = {isa = PBXBuildFile; fileRef = CE832CCD2C7F205600B64A4F /* AddTask.swift */; };
		CE832CD02C7F206B00B64A4F /* TaskHistory.swift in Sources */ = {isa = PBXBuildFile; fileRef = CE832CCF2C7F206B00B64A4F /* TaskHistory.swift */; };
		CE832CD42C7F256D00B64A4F /* TaskModel.swift in Sources */ = {isa = PBXBuildFile; fileRef = CE832CD32C7F256D00B64A4F /* TaskModel.swift */; };
		CE832CD62C7F263200B64A4F /* ModelData.swift in Sources */ = {isa = PBXBuildFile; fileRef = CE832CD52C7F263200B64A4F /* ModelData.swift */; };
		CE832CD82C7F276700B64A4F /* TaskListRow.swift in Sources */ = {isa = PBXBuildFile; fileRef = CE832CD72C7F276700B64A4F /* TaskListRow.swift */; };
		CE832CDD2C7F2AE400B64A4F /* CompleteButtonView.swift in Sources */ = {isa = PBXBuildFile; fileRef = CE832CDC2C7F2AE400B64A4F /* CompleteButtonView.swift */; };
		CE832CED2C7F82F400B64A4F /* PickerModel.swift in Sources */ = {isa = PBXBuildFile; fileRef = CE832CEC2C7F82F400B64A4F /* PickerModel.swift */; };
		CE832CEF2C7F847D00B64A4F /* PickerViews.swift in Sources */ = {isa = PBXBuildFile; fileRef = CE832CEE2C7F847D00B64A4F /* PickerViews.swift */; };
		CE832CF12C7F86F000B64A4F /* AllPriorityTaskView.swift in Sources */ = {isa = PBXBuildFile; fileRef = CE832CF02C7F86F000B64A4F /* AllPriorityTaskView.swift */; };
		CE832CF32C7F8A0300B64A4F /* NormalPriorityTaskView.swift in Sources */ = {isa = PBXBuildFile; fileRef = CE832CF22C7F8A0300B64A4F /* NormalPriorityTaskView.swift */; };
		CE832CF52C7F8B1800B64A4F /* ImportantPriorityTaskView.swift in Sources */ = {isa = PBXBuildFile; fileRef = CE832CF42C7F8B1800B64A4F /* ImportantPriorityTaskView.swift */; };
		CE8E85AD2C88B544004F8E00 /* Storage.swift in Sources */ = {isa = PBXBuildFile; fileRef = CE8E85AC2C88B544004F8E00 /* Storage.swift */; };
		CEDF023A2C83394100BFB304 /* EditTask.swift in Sources */ = {isa = PBXBuildFile; fileRef = CEDF02392C83394100BFB304 /* EditTask.swift */; };
		CEDF023C2C846C8300BFB304 /* ComponentView.swift in Sources */ = {isa = PBXBuildFile; fileRef = CEDF023B2C846C8300BFB304 /* ComponentView.swift */; };
		CEDF023E2C84860E00BFB304 /* HistoryTaskView.swift in Sources */ = {isa = PBXBuildFile; fileRef = CEDF023D2C84860E00BFB304 /* HistoryTaskView.swift */; };
		CEDF02402C84933D00BFB304 /* TaskHistoryRow.swift in Sources */ = {isa = PBXBuildFile; fileRef = CEDF023F2C84933D00BFB304 /* TaskHistoryRow.swift */; };
/* End PBXBuildFile section */

/* Begin PBXFileReference section */
		CE28113F2C89A42000B19F66 /* NotificationModel.swift */ = {isa = PBXFileReference; lastKnownFileType = sourcecode.swift; path = NotificationModel.swift; sourceTree = "<group>"; };
		CE2811542C8CC13700B19F66 /* AppDelegate.swift */ = {isa = PBXFileReference; lastKnownFileType = sourcecode.swift; path = AppDelegate.swift; sourceTree = "<group>"; };
		CE2811562C8CCE0600B19F66 /* String+Extensions.swift */ = {isa = PBXFileReference; lastKnownFileType = sourcecode.swift; path = "String+Extensions.swift"; sourceTree = "<group>"; };
		CE28116C2C8CD0E200B19F66 /* en */ = {isa = PBXFileReference; lastKnownFileType = text.plist.strings; name = en; path = en.lproj/Localizable.strings; sourceTree = "<group>"; };
		CE28116F2C8CD13300B19F66 /* uk */ = {isa = PBXFileReference; lastKnownFileType = text.plist.strings; name = uk; path = uk.lproj/Localizable.strings; sourceTree = "<group>"; };
		CE2E304E2C919099009EE6AB /* TextFieldViews.swift */ = {isa = PBXFileReference; lastKnownFileType = sourcecode.swift; path = TextFieldViews.swift; sourceTree = "<group>"; };
		CE832CBA2C7F1EE200B64A4F /* MyReminder.app */ = {isa = PBXFileReference; explicitFileType = wrapper.application; includeInIndex = 0; path = MyReminder.app; sourceTree = BUILT_PRODUCTS_DIR; };
		CE832CBD2C7F1EE200B64A4F /* MyReminderApp.swift */ = {isa = PBXFileReference; lastKnownFileType = sourcecode.swift; path = MyReminderApp.swift; sourceTree = "<group>"; };
		CE832CBF2C7F1EE200B64A4F /* ContentView.swift */ = {isa = PBXFileReference; lastKnownFileType = sourcecode.swift; path = ContentView.swift; sourceTree = "<group>"; };
		CE832CC12C7F1EE300B64A4F /* Assets.xcassets */ = {isa = PBXFileReference; lastKnownFileType = folder.assetcatalog; path = Assets.xcassets; sourceTree = "<group>"; };
		CE832CC42C7F1EE300B64A4F /* Preview Assets.xcassets */ = {isa = PBXFileReference; lastKnownFileType = folder.assetcatalog; path = "Preview Assets.xcassets"; sourceTree = "<group>"; };
		CE832CCB2C7F204100B64A4F /* TaskList.swift */ = {isa = PBXFileReference; lastKnownFileType = sourcecode.swift; path = TaskList.swift; sourceTree = "<group>"; };
		CE832CCD2C7F205600B64A4F /* AddTask.swift */ = {isa = PBXFileReference; lastKnownFileType = sourcecode.swift; path = AddTask.swift; sourceTree = "<group>"; };
		CE832CCF2C7F206B00B64A4F /* TaskHistory.swift */ = {isa = PBXFileReference; lastKnownFileType = sourcecode.swift; path = TaskHistory.swift; sourceTree = "<group>"; };
		CE832CD32C7F256D00B64A4F /* TaskModel.swift */ = {isa = PBXFileReference; lastKnownFileType = sourcecode.swift; path = TaskModel.swift; sourceTree = "<group>"; };
		CE832CD52C7F263200B64A4F /* ModelData.swift */ = {isa = PBXFileReference; lastKnownFileType = sourcecode.swift; path = ModelData.swift; sourceTree = "<group>"; };
		CE832CD72C7F276700B64A4F /* TaskListRow.swift */ = {isa = PBXFileReference; lastKnownFileType = sourcecode.swift; path = TaskListRow.swift; sourceTree = "<group>"; };
		CE832CDC2C7F2AE400B64A4F /* CompleteButtonView.swift */ = {isa = PBXFileReference; lastKnownFileType = sourcecode.swift; path = CompleteButtonView.swift; sourceTree = "<group>"; };
		CE832CEC2C7F82F400B64A4F /* PickerModel.swift */ = {isa = PBXFileReference; lastKnownFileType = sourcecode.swift; path = PickerModel.swift; sourceTree = "<group>"; };
		CE832CEE2C7F847D00B64A4F /* PickerViews.swift */ = {isa = PBXFileReference; lastKnownFileType = sourcecode.swift; path = PickerViews.swift; sourceTree = "<group>"; };
		CE832CF02C7F86F000B64A4F /* AllPriorityTaskView.swift */ = {isa = PBXFileReference; lastKnownFileType = sourcecode.swift; path = AllPriorityTaskView.swift; sourceTree = "<group>"; };
		CE832CF22C7F8A0300B64A4F /* NormalPriorityTaskView.swift */ = {isa = PBXFileReference; lastKnownFileType = sourcecode.swift; path = NormalPriorityTaskView.swift; sourceTree = "<group>"; };
		CE832CF42C7F8B1800B64A4F /* ImportantPriorityTaskView.swift */ = {isa = PBXFileReference; lastKnownFileType = sourcecode.swift; path = ImportantPriorityTaskView.swift; sourceTree = "<group>"; };
		CE8E85AC2C88B544004F8E00 /* Storage.swift */ = {isa = PBXFileReference; lastKnownFileType = sourcecode.swift; path = Storage.swift; sourceTree = "<group>"; };
		CEDF02392C83394100BFB304 /* EditTask.swift */ = {isa = PBXFileReference; lastKnownFileType = sourcecode.swift; path = EditTask.swift; sourceTree = "<group>"; };
		CEDF023B2C846C8300BFB304 /* ComponentView.swift */ = {isa = PBXFileReference; lastKnownFileType = sourcecode.swift; path = ComponentView.swift; sourceTree = "<group>"; };
		CEDF023D2C84860E00BFB304 /* HistoryTaskView.swift */ = {isa = PBXFileReference; lastKnownFileType = sourcecode.swift; path = HistoryTaskView.swift; sourceTree = "<group>"; };
		CEDF023F2C84933D00BFB304 /* TaskHistoryRow.swift */ = {isa = PBXFileReference; lastKnownFileType = sourcecode.swift; path = TaskHistoryRow.swift; sourceTree = "<group>"; };
/* End PBXFileReference section */

/* Begin PBXFrameworksBuildPhase section */
		CE832CB72C7F1EE200B64A4F /* Frameworks */ = {
			isa = PBXFrameworksBuildPhase;
			buildActionMask = 2147483647;
			files = (
			);
			runOnlyForDeploymentPostprocessing = 0;
		};
/* End PBXFrameworksBuildPhase section */

/* Begin PBXGroup section */
		CE2811582C8CCE7800B19F66 /* Localization */ = {
			isa = PBXGroup;
			children = (
				CE2811562C8CCE0600B19F66 /* String+Extensions.swift */,
				CE28116D2C8CD0E200B19F66 /* Localizable.strings */,
			);
			path = Localization;
			sourceTree = "<group>";
		};
		CE2811592C8CCE9200B19F66 /* App */ = {
			isa = PBXGroup;
			children = (
				CE2811542C8CC13700B19F66 /* AppDelegate.swift */,
				CE832CBD2C7F1EE200B64A4F /* MyReminderApp.swift */,
			);
			path = App;
			sourceTree = "<group>";
		};
		CE832CB12C7F1EE200B64A4F = {
			isa = PBXGroup;
			children = (
				CE832CBC2C7F1EE200B64A4F /* MyReminder */,
				CE832CBB2C7F1EE200B64A4F /* Products */,
			);
			sourceTree = "<group>";
		};
		CE832CBB2C7F1EE200B64A4F /* Products */ = {
			isa = PBXGroup;
			children = (
				CE832CBA2C7F1EE200B64A4F /* MyReminder.app */,
			);
			name = Products;
			sourceTree = "<group>";
		};
		CE832CBC2C7F1EE200B64A4F /* MyReminder */ = {
			isa = PBXGroup;
			children = (
				CE2811592C8CCE9200B19F66 /* App */,
				CE832CD22C7F255900B64A4F /* Models */,
				CE832CD12C7F254F00B64A4F /* Views */,
				CE2811582C8CCE7800B19F66 /* Localization */,
				CE832CDB2C7F2AAB00B64A4F /* Helpers */,
				CE832CC12C7F1EE300B64A4F /* Assets.xcassets */,
				CE832CC32C7F1EE300B64A4F /* Preview Content */,
			);
			path = MyReminder;
			sourceTree = "<group>";
		};
		CE832CC32C7F1EE300B64A4F /* Preview Content */ = {
			isa = PBXGroup;
			children = (
				CE832CC42C7F1EE300B64A4F /* Preview Assets.xcassets */,
			);
			path = "Preview Content";
			sourceTree = "<group>";
		};
		CE832CD12C7F254F00B64A4F /* Views */ = {
			isa = PBXGroup;
			children = (
				CE832CBF2C7F1EE200B64A4F /* ContentView.swift */,
				CE832CCB2C7F204100B64A4F /* TaskList.swift */,
				CE832CD72C7F276700B64A4F /* TaskListRow.swift */,
				CE832CCD2C7F205600B64A4F /* AddTask.swift */,
				CEDF02392C83394100BFB304 /* EditTask.swift */,
				CE832CCF2C7F206B00B64A4F /* TaskHistory.swift */,
			);
			path = Views;
			sourceTree = "<group>";
		};
		CE832CD22C7F255900B64A4F /* Models */ = {
			isa = PBXGroup;
			children = (
				CE832CD32C7F256D00B64A4F /* TaskModel.swift */,
				CE28113F2C89A42000B19F66 /* NotificationModel.swift */,
				CE8E85AC2C88B544004F8E00 /* Storage.swift */,
				CE832CEC2C7F82F400B64A4F /* PickerModel.swift */,
				CE832CD52C7F263200B64A4F /* ModelData.swift */,
			);
			path = Models;
			sourceTree = "<group>";
		};
		CE832CDB2C7F2AAB00B64A4F /* Helpers */ = {
			isa = PBXGroup;
			children = (
				CE832CEE2C7F847D00B64A4F /* PickerViews.swift */,
				CE2E304E2C919099009EE6AB /* TextFieldViews.swift */,
				CEDF023B2C846C8300BFB304 /* ComponentView.swift */,
				CE832CDC2C7F2AE400B64A4F /* CompleteButtonView.swift */,
				CE832CF02C7F86F000B64A4F /* AllPriorityTaskView.swift */,
				CE832CF22C7F8A0300B64A4F /* NormalPriorityTaskView.swift */,
				CEDF023F2C84933D00BFB304 /* TaskHistoryRow.swift */,
				CE832CF42C7F8B1800B64A4F /* ImportantPriorityTaskView.swift */,
				CEDF023D2C84860E00BFB304 /* HistoryTaskView.swift */,
			);
			path = Helpers;
			sourceTree = "<group>";
		};
/* End PBXGroup section */

/* Begin PBXNativeTarget section */
		CE832CB92C7F1EE200B64A4F /* MyReminder */ = {
			isa = PBXNativeTarget;
			buildConfigurationList = CE832CC82C7F1EE300B64A4F /* Build configuration list for PBXNativeTarget "MyReminder" */;
			buildPhases = (
				CE832CB62C7F1EE200B64A4F /* Sources */,
				CE832CB72C7F1EE200B64A4F /* Frameworks */,
				CE832CB82C7F1EE200B64A4F /* Resources */,
			);
			buildRules = (
			);
			dependencies = (
			);
			name = MyReminder;
			productName = MyReminder;
			productReference = CE832CBA2C7F1EE200B64A4F /* MyReminder.app */;
			productType = "com.apple.product-type.application";
		};
/* End PBXNativeTarget section */

/* Begin PBXProject section */
		CE832CB22C7F1EE200B64A4F /* Project object */ = {
			isa = PBXProject;
			attributes = {
				BuildIndependentTargetsInParallel = 1;
				LastSwiftUpdateCheck = 1540;
				LastUpgradeCheck = 1540;
				TargetAttributes = {
					CE832CB92C7F1EE200B64A4F = {
						CreatedOnToolsVersion = 15.4;
					};
				};
			};
			buildConfigurationList = CE832CB52C7F1EE200B64A4F /* Build configuration list for PBXProject "MyReminder" */;
			compatibilityVersion = "Xcode 14.0";
			developmentRegion = en;
			hasScannedForEncodings = 0;
			knownRegions = (
				en,
				Base,
				uk,
			);
			mainGroup = CE832CB12C7F1EE200B64A4F;
			productRefGroup = CE832CBB2C7F1EE200B64A4F /* Products */;
			projectDirPath = "";
			projectRoot = "";
			targets = (
				CE832CB92C7F1EE200B64A4F /* MyReminder */,
			);
		};
/* End PBXProject section */

/* Begin PBXResourcesBuildPhase section */
		CE832CB82C7F1EE200B64A4F /* Resources */ = {
			isa = PBXResourcesBuildPhase;
			buildActionMask = 2147483647;
			files = (
				CE832CC52C7F1EE300B64A4F /* Preview Assets.xcassets in Resources */,
				CE28116E2C8CD0E200B19F66 /* Localizable.strings in Resources */,
				CE832CC22C7F1EE300B64A4F /* Assets.xcassets in Resources */,
			);
			runOnlyForDeploymentPostprocessing = 0;
		};
/* End PBXResourcesBuildPhase section */

/* Begin PBXSourcesBuildPhase section */
		CE832CB62C7F1EE200B64A4F /* Sources */ = {
			isa = PBXSourcesBuildPhase;
			buildActionMask = 2147483647;
			files = (
				CEDF02402C84933D00BFB304 /* TaskHistoryRow.swift in Sources */,
				CE832CF32C7F8A0300B64A4F /* NormalPriorityTaskView.swift in Sources */,
				CE2E304F2C919099009EE6AB /* TextFieldViews.swift in Sources */,
				CE832CD42C7F256D00B64A4F /* TaskModel.swift in Sources */,
				CE8E85AD2C88B544004F8E00 /* Storage.swift in Sources */,
				CE832CF12C7F86F000B64A4F /* AllPriorityTaskView.swift in Sources */,
				CE832CCE2C7F205600B64A4F /* AddTask.swift in Sources */,
				CE832CCC2C7F204100B64A4F /* TaskList.swift in Sources */,
				CEDF023A2C83394100BFB304 /* EditTask.swift in Sources */,
				CE832CED2C7F82F400B64A4F /* PickerModel.swift in Sources */,
				CE832CF52C7F8B1800B64A4F /* ImportantPriorityTaskView.swift in Sources */,
				CE832CDD2C7F2AE400B64A4F /* CompleteButtonView.swift in Sources */,
				CE832CEF2C7F847D00B64A4F /* PickerViews.swift in Sources */,
				CE2811572C8CCE0600B19F66 /* String+Extensions.swift in Sources */,
				CEDF023E2C84860E00BFB304 /* HistoryTaskView.swift in Sources */,
				CEDF023C2C846C8300BFB304 /* ComponentView.swift in Sources */,
				CE832CD82C7F276700B64A4F /* TaskListRow.swift in Sources */,
				CE832CD02C7F206B00B64A4F /* TaskHistory.swift in Sources */,
				CE832CC02C7F1EE200B64A4F /* ContentView.swift in Sources */,
				CE832CBE2C7F1EE200B64A4F /* MyReminderApp.swift in Sources */,
				CE2811552C8CC13700B19F66 /* AppDelegate.swift in Sources */,
				CE2811402C89A42000B19F66 /* NotificationModel.swift in Sources */,
				CE832CD62C7F263200B64A4F /* ModelData.swift in Sources */,
			);
			runOnlyForDeploymentPostprocessing = 0;
		};
/* End PBXSourcesBuildPhase section */

/* Begin PBXVariantGroup section */
		CE28116D2C8CD0E200B19F66 /* Localizable.strings */ = {
			isa = PBXVariantGroup;
			children = (
				CE28116C2C8CD0E200B19F66 /* en */,
				CE28116F2C8CD13300B19F66 /* uk */,
			);
			name = Localizable.strings;
			sourceTree = "<group>";
		};
/* End PBXVariantGroup section */

/* Begin XCBuildConfiguration section */
		CE832CC62C7F1EE300B64A4F /* Debug */ = {
			isa = XCBuildConfiguration;
			buildSettings = {
				ALWAYS_SEARCH_USER_PATHS = NO;
				ASSETCATALOG_COMPILER_GENERATE_SWIFT_ASSET_SYMBOL_EXTENSIONS = YES;
				CLANG_ANALYZER_LOCALIZABILITY_NONLOCALIZED = YES;
				CLANG_ANALYZER_NONNULL = YES;
				CLANG_ANALYZER_NUMBER_OBJECT_CONVERSION = YES_AGGRESSIVE;
				CLANG_CXX_LANGUAGE_STANDARD = "gnu++20";
				CLANG_ENABLE_MODULES = YES;
				CLANG_ENABLE_OBJC_ARC = YES;
				CLANG_ENABLE_OBJC_WEAK = YES;
				CLANG_WARN_BLOCK_CAPTURE_AUTORELEASING = YES;
				CLANG_WARN_BOOL_CONVERSION = YES;
				CLANG_WARN_COMMA = YES;
				CLANG_WARN_CONSTANT_CONVERSION = YES;
				CLANG_WARN_DEPRECATED_OBJC_IMPLEMENTATIONS = YES;
				CLANG_WARN_DIRECT_OBJC_ISA_USAGE = YES_ERROR;
				CLANG_WARN_DOCUMENTATION_COMMENTS = YES;
				CLANG_WARN_EMPTY_BODY = YES;
				CLANG_WARN_ENUM_CONVERSION = YES;
				CLANG_WARN_INFINITE_RECURSION = YES;
				CLANG_WARN_INT_CONVERSION = YES;
				CLANG_WARN_NON_LITERAL_NULL_CONVERSION = YES;
				CLANG_WARN_OBJC_IMPLICIT_RETAIN_SELF = YES;
				CLANG_WARN_OBJC_LITERAL_CONVERSION = YES;
				CLANG_WARN_OBJC_ROOT_CLASS = YES_ERROR;
				CLANG_WARN_QUOTED_INCLUDE_IN_FRAMEWORK_HEADER = YES;
				CLANG_WARN_RANGE_LOOP_ANALYSIS = YES;
				CLANG_WARN_STRICT_PROTOTYPES = YES;
				CLANG_WARN_SUSPICIOUS_MOVE = YES;
				CLANG_WARN_UNGUARDED_AVAILABILITY = YES_AGGRESSIVE;
				CLANG_WARN_UNREACHABLE_CODE = YES;
				CLANG_WARN__DUPLICATE_METHOD_MATCH = YES;
				COPY_PHASE_STRIP = NO;
				DEBUG_INFORMATION_FORMAT = dwarf;
				ENABLE_STRICT_OBJC_MSGSEND = YES;
				ENABLE_TESTABILITY = YES;
				ENABLE_USER_SCRIPT_SANDBOXING = YES;
				GCC_C_LANGUAGE_STANDARD = gnu17;
				GCC_DYNAMIC_NO_PIC = NO;
				GCC_NO_COMMON_BLOCKS = YES;
				GCC_OPTIMIZATION_LEVEL = 0;
				GCC_PREPROCESSOR_DEFINITIONS = (
					"DEBUG=1",
					"$(inherited)",
				);
				GCC_WARN_64_TO_32_BIT_CONVERSION = YES;
				GCC_WARN_ABOUT_RETURN_TYPE = YES_ERROR;
				GCC_WARN_UNDECLARED_SELECTOR = YES;
				GCC_WARN_UNINITIALIZED_AUTOS = YES_AGGRESSIVE;
				GCC_WARN_UNUSED_FUNCTION = YES;
				GCC_WARN_UNUSED_VARIABLE = YES;
				IPHONEOS_DEPLOYMENT_TARGET = 17.5;
				LOCALIZATION_PREFERS_STRING_CATALOGS = YES;
				MTL_ENABLE_DEBUG_INFO = INCLUDE_SOURCE;
				MTL_FAST_MATH = YES;
				ONLY_ACTIVE_ARCH = YES;
				SDKROOT = iphoneos;
				SWIFT_ACTIVE_COMPILATION_CONDITIONS = "DEBUG $(inherited)";
				SWIFT_OPTIMIZATION_LEVEL = "-Onone";
			};
			name = Debug;
		};
		CE832CC72C7F1EE300B64A4F /* Release */ = {
			isa = XCBuildConfiguration;
			buildSettings = {
				ALWAYS_SEARCH_USER_PATHS = NO;
				ASSETCATALOG_COMPILER_GENERATE_SWIFT_ASSET_SYMBOL_EXTENSIONS = YES;
				CLANG_ANALYZER_LOCALIZABILITY_NONLOCALIZED = YES;
				CLANG_ANALYZER_NONNULL = YES;
				CLANG_ANALYZER_NUMBER_OBJECT_CONVERSION = YES_AGGRESSIVE;
				CLANG_CXX_LANGUAGE_STANDARD = "gnu++20";
				CLANG_ENABLE_MODULES = YES;
				CLANG_ENABLE_OBJC_ARC = YES;
				CLANG_ENABLE_OBJC_WEAK = YES;
				CLANG_WARN_BLOCK_CAPTURE_AUTORELEASING = YES;
				CLANG_WARN_BOOL_CONVERSION = YES;
				CLANG_WARN_COMMA = YES;
				CLANG_WARN_CONSTANT_CONVERSION = YES;
				CLANG_WARN_DEPRECATED_OBJC_IMPLEMENTATIONS = YES;
				CLANG_WARN_DIRECT_OBJC_ISA_USAGE = YES_ERROR;
				CLANG_WARN_DOCUMENTATION_COMMENTS = YES;
				CLANG_WARN_EMPTY_BODY = YES;
				CLANG_WARN_ENUM_CONVERSION = YES;
				CLANG_WARN_INFINITE_RECURSION = YES;
				CLANG_WARN_INT_CONVERSION = YES;
				CLANG_WARN_NON_LITERAL_NULL_CONVERSION = YES;
				CLANG_WARN_OBJC_IMPLICIT_RETAIN_SELF = YES;
				CLANG_WARN_OBJC_LITERAL_CONVERSION = YES;
				CLANG_WARN_OBJC_ROOT_CLASS = YES_ERROR;
				CLANG_WARN_QUOTED_INCLUDE_IN_FRAMEWORK_HEADER = YES;
				CLANG_WARN_RANGE_LOOP_ANALYSIS = YES;
				CLANG_WARN_STRICT_PROTOTYPES = YES;
				CLANG_WARN_SUSPICIOUS_MOVE = YES;
				CLANG_WARN_UNGUARDED_AVAILABILITY = YES_AGGRESSIVE;
				CLANG_WARN_UNREACHABLE_CODE = YES;
				CLANG_WARN__DUPLICATE_METHOD_MATCH = YES;
				COPY_PHASE_STRIP = NO;
				DEBUG_INFORMATION_FORMAT = "dwarf-with-dsym";
				ENABLE_NS_ASSERTIONS = NO;
				ENABLE_STRICT_OBJC_MSGSEND = YES;
				ENABLE_USER_SCRIPT_SANDBOXING = YES;
				GCC_C_LANGUAGE_STANDARD = gnu17;
				GCC_NO_COMMON_BLOCKS = YES;
				GCC_WARN_64_TO_32_BIT_CONVERSION = YES;
				GCC_WARN_ABOUT_RETURN_TYPE = YES_ERROR;
				GCC_WARN_UNDECLARED_SELECTOR = YES;
				GCC_WARN_UNINITIALIZED_AUTOS = YES_AGGRESSIVE;
				GCC_WARN_UNUSED_FUNCTION = YES;
				GCC_WARN_UNUSED_VARIABLE = YES;
				IPHONEOS_DEPLOYMENT_TARGET = 17.5;
				LOCALIZATION_PREFERS_STRING_CATALOGS = YES;
				MTL_ENABLE_DEBUG_INFO = NO;
				MTL_FAST_MATH = YES;
				SDKROOT = iphoneos;
				SWIFT_COMPILATION_MODE = wholemodule;
				VALIDATE_PRODUCT = YES;
			};
			name = Release;
		};
		CE832CC92C7F1EE300B64A4F /* Debug */ = {
			isa = XCBuildConfiguration;
			buildSettings = {
				ASSETCATALOG_COMPILER_APPICON_NAME = AppIcon;
				ASSETCATALOG_COMPILER_GLOBAL_ACCENT_COLOR_NAME = AccentColor;
				CODE_SIGN_STYLE = Automatic;
				CURRENT_PROJECT_VERSION = 1;
				DEVELOPMENT_ASSET_PATHS = "\"MyReminder/Preview Content\"";
				DEVELOPMENT_TEAM = 6GA6W2287X;
				ENABLE_PREVIEWS = YES;
				GENERATE_INFOPLIST_FILE = YES;
				INFOPLIST_KEY_UIApplicationSceneManifest_Generation = YES;
				INFOPLIST_KEY_UIApplicationSupportsIndirectInputEvents = YES;
				INFOPLIST_KEY_UILaunchScreen_Generation = YES;
				INFOPLIST_KEY_UISupportedInterfaceOrientations_iPad = "UIInterfaceOrientationPortrait UIInterfaceOrientationPortraitUpsideDown UIInterfaceOrientationLandscapeLeft UIInterfaceOrientationLandscapeRight";
				INFOPLIST_KEY_UISupportedInterfaceOrientations_iPhone = "UIInterfaceOrientationPortrait UIInterfaceOrientationLandscapeLeft UIInterfaceOrientationLandscapeRight";
				IPHONEOS_DEPLOYMENT_TARGET = 16.1;
				LD_RUNPATH_SEARCH_PATHS = (
					"$(inherited)",
					"@executable_path/Frameworks",
				);
				MARKETING_VERSION = 1.0;
				PRODUCT_BUNDLE_IDENTIFIER = com.illia.MyReminder;
				PRODUCT_NAME = "$(TARGET_NAME)";
				SWIFT_EMIT_LOC_STRINGS = YES;
				SWIFT_VERSION = 5.0;
				TARGETED_DEVICE_FAMILY = "1,2";
			};
			name = Debug;
		};
		CE832CCA2C7F1EE300B64A4F /* Release */ = {
			isa = XCBuildConfiguration;
			buildSettings = {
				ASSETCATALOG_COMPILER_APPICON_NAME = AppIcon;
				ASSETCATALOG_COMPILER_GLOBAL_ACCENT_COLOR_NAME = AccentColor;
				CODE_SIGN_STYLE = Automatic;
				CURRENT_PROJECT_VERSION = 1;
				DEVELOPMENT_ASSET_PATHS = "\"MyReminder/Preview Content\"";
				DEVELOPMENT_TEAM = 6GA6W2287X;
				ENABLE_PREVIEWS = YES;
				GENERATE_INFOPLIST_FILE = YES;
				INFOPLIST_KEY_UIApplicationSceneManifest_Generation = YES;
				INFOPLIST_KEY_UIApplicationSupportsIndirectInputEvents = YES;
				INFOPLIST_KEY_UILaunchScreen_Generation = YES;
				INFOPLIST_KEY_UISupportedInterfaceOrientations_iPad = "UIInterfaceOrientationPortrait UIInterfaceOrientationPortraitUpsideDown UIInterfaceOrientationLandscapeLeft UIInterfaceOrientationLandscapeRight";
				INFOPLIST_KEY_UISupportedInterfaceOrientations_iPhone = "UIInterfaceOrientationPortrait UIInterfaceOrientationLandscapeLeft UIInterfaceOrientationLandscapeRight";
				IPHONEOS_DEPLOYMENT_TARGET = 16.1;
				LD_RUNPATH_SEARCH_PATHS = (
					"$(inherited)",
					"@executable_path/Frameworks",
				);
				MARKETING_VERSION = 1.0;
				PRODUCT_BUNDLE_IDENTIFIER = com.illia.MyReminder;
				PRODUCT_NAME = "$(TARGET_NAME)";
				SWIFT_EMIT_LOC_STRINGS = YES;
				SWIFT_VERSION = 5.0;
				TARGETED_DEVICE_FAMILY = "1,2";
			};
			name = Release;
		};
/* End XCBuildConfiguration section */

/* Begin XCConfigurationList section */
		CE832CB52C7F1EE200B64A4F /* Build configuration list for PBXProject "MyReminder" */ = {
			isa = XCConfigurationList;
			buildConfigurations = (
				CE832CC62C7F1EE300B64A4F /* Debug */,
				CE832CC72C7F1EE300B64A4F /* Release */,
			);
			defaultConfigurationIsVisible = 0;
			defaultConfigurationName = Release;
		};
		CE832CC82C7F1EE300B64A4F /* Build configuration list for PBXNativeTarget "MyReminder" */ = {
			isa = XCConfigurationList;
			buildConfigurations = (
				CE832CC92C7F1EE300B64A4F /* Debug */,
				CE832CCA2C7F1EE300B64A4F /* Release */,
			);
			defaultConfigurationIsVisible = 0;
			defaultConfigurationName = Release;
		};
/* End XCConfigurationList section */
	};
	rootObject = CE832CB22C7F1EE200B64A4F /* Project object */;
}
